(global
    version = 3
    io_order = default
)
(iopad
    (top
        (inst   name="PAD_IOVDD0"           orientation=R180    cell="VCC3IOD"  place_status=placed)
        (inst   name="PAD_I_F_IO_A0"        orientation=R180                    place_status=placed)
        (inst   name="PAD_I_F_IO_A1"        orientation=R180                    place_status=placed)
        (inst   name="PAD_I_F_IO_A2"        orientation=R180                    place_status=placed)
        (inst   name="PAD_I_F_IO_A3"        orientation=R180                    place_status=placed)
        (inst   name="PAD_CoreVDD0"         orientation=R180    cell="VCCKD"    place_status=placed)
        (inst   name="PAD_CoreVSS0"         orientation=R180    cell="GNDKD"    place_status=placed)
        (inst   name="PAD_I_F_IO_A4"        orientation=R180                    place_status=placed)
        (inst   name="PAD_I_F_IO_A5"        orientation=R180                    place_status=placed)
        (inst   name="PAD_I_F_IO_A6"        orientation=R180                    place_status=placed)
        (inst   name="PAD_I_F_IO_A7"        orientation=R180                    place_status=placed)
        (inst   name="PAD_IOVSS0"           orientation=R180    cell="GNDIOD"   place_status=placed)
    )
    (left
        (inst   name="PAD_IOVDD1"           orientation=R270    cell="VCC3IOD"  place_status=placed)
        (inst   name="PAD_I_KEY0"           orientation=R270                    place_status=placed)
        (inst   name="PAD_I_KEY1"           orientation=R270                    place_status=placed)
        (inst   name="PAD_I_KEY2"           orientation=R270                    place_status=placed)
        (inst   name="PAD_I_KEY3"           orientation=R270                    place_status=placed)
        (inst   name="PAD_CoreVDD1"         orientation=R270    cell="VCCKD"    place_status=placed)
        (inst   name="PAD_CoreVSS1"         orientation=R270    cell="GNDKD"    place_status=placed)
        (inst   name="PAD_I_clk"            orientation=R270                    place_status=placed)
        (inst   name="PAD_I_rst"            orientation=R270                    place_status=placed)
        (inst   name="PAD_I_F_RB_A"         orientation=R270                    place_status=placed)
        (inst   name="PAD_I_F_RB_B"         orientation=R270                    place_status=placed)
        (inst   name="PAD_IOVSS1"           orientation=R270    cell="GNDIOD"   place_status=placed)
    )
    (bottom
        (inst   name="PAD_IOVDD2"           orientation=R0      cell="VCC3IOD"  place_status=placed)
        (inst   name="PAD_I_F_IO_B0"        orientation=R0                      place_status=placed)
        (inst   name="PAD_I_F_IO_B1"        orientation=R0                      place_status=placed)
        (inst   name="PAD_I_F_IO_B2"        orientation=R0                      place_status=placed)
        (inst   name="PAD_I_F_IO_B3"        orientation=R0                      place_status=placed)
        (inst   name="PAD_CoreVDD2"         orientation=R0      cell="VCCKD"    place_status=placed)
        (inst   name="PAD_CoreVSS2"         orientation=R0      cell="GNDKD"    place_status=placed)
        (inst   name="PAD_I_F_IO_B4"        orientation=R0                      place_status=placed)
        (inst   name="PAD_I_F_IO_B5"        orientation=R0                      place_status=placed)
        (inst   name="PAD_I_F_IO_B6"        orientation=R0                      place_status=placed)
        (inst   name="PAD_I_F_IO_B7"        orientation=R0                      place_status=placed)
        (inst   name="PAD_IOVSS2"           orientation=R0      cell="GNDIOD"   place_status=placed)
    )
    (right
        (inst   name="PAD_O_done"           orientation=R90                     place_status=placed)
        (inst   name="PAD_O_F_CLE_A"        orientation=R90                     place_status=placed)
        (inst   name="PAD_O_F_ALE_A"        orientation=R90                     place_status=placed)
        (inst   name="PAD_O_F_REN_A"        orientation=R90                     place_status=placed)
        (inst   name="PAD_O_F_WEN_A"        orientation=R90                     place_status=placed)
        (inst   name="PAD_CoreVDD3"         orientation=R90     cell="VCCKD"    place_status=placed)
        (inst   name="PAD_CoreVSS3"         orientation=R90     cell="GNDKD"    place_status=placed)
        (inst   name="PAD_O_F_CLE_B"        orientation=R90                     place_status=placed)
        (inst   name="PAD_O_F_ALE_B"        orientation=R90                     place_status=placed)
        (inst   name="PAD_O_F_REN_B"        orientation=R90                     place_status=placed)
        (inst   name="PAD_O_F_WEN_B"        orientation=R90                     place_status=placed)
        (inst   name="PAD_IOVSS3"           orientation=R90     cell="GNDIOD"   place_status=placed)
    )
    (topright
        (inst   name="CORNER0"              orientation=R0      cell="CORNERD"  place_status=placed)
    )
    (topleft
        (inst   name="CORNER1"              orientation=R90     cell="CORNERD"  place_status=placed)
    )
    (bottomleft
        (inst   name="CORNER2"              orientation=R180    cell="CORNERD"  place_status=placed)
    )
    (bottomright
        (inst   name="CORNER3"              orientation=R270    cell="CORNERD"  place_status=placed)
    )
)